{
  "pins" : [
    {
      "identity" : "swiftuitestutils",
      "kind" : "remoteSourceControl",
      "location" : "git@github.com:otaviokz/SwiftUITestUtils.git",
      "state" : {
        "revision" : "bc92fa50de6a58a0b3ae90cd0ffae6a6c304cbee",
        "version" : "0.0.5"
      }
    }
  ],
  "version" : 2
}
