{
  "pins" : [
    {
      "identity" : "swiftuitestutils",
      "kind" : "remoteSourceControl",
      "location" : "git@github.com:otaviokz/SwiftUITestUtils.git",
      "state" : {
        "revision" : "f3f0e2aed75acee1a59ac1260247c601479ee06f",
        "version" : "0.0.2"
      }
    }
  ],
  "version" : 2
}
